
Microsoft Visual Studio Solution File, Format Version 12.00
# Visual Studio Version 17
VisualStudioVersion = 17.3.32929.385
MinimumVisualStudioVersion = 10.0.40219.1
Project("{9A19103F-16F7-4668-BE54-9A1E7A4F7556}") = "ProductApp", "ProductApp\ProductApp.csproj", "{7581A2F9-CD33-4833-A9E3-6CCA5FD66301}"
EndProject
Project("{FAE04EC0-301F-11D3-BF4B-00C04F79EFBC}") = "Repositories", "Repositories\Repositories.csproj", "{2D20A077-831E-42B9-8ADB-6248AAF98674}"
EndProject
Project("{FAE04EC0-301F-11D3-BF4B-00C04F79EFBC}") = "Entities", "Entities\Entities.csproj", "{A034269E-B568-4853-AE79-47F5B0F0D1FE}"
EndProject
Global
	GlobalSection(SolutionConfigurationPlatforms) = preSolution
		Debug|Any CPU = Debug|Any CPU
		Release|Any CPU = Release|Any CPU
	EndGlobalSection
	GlobalSection(ProjectConfigurationPlatforms) = postSolution
		{7581A2F9-CD33-4833-A9E3-6CCA5FD66301}.Debug|Any CPU.ActiveCfg = Debug|Any CPU
		{7581A2F9-CD33-4833-A9E3-6CCA5FD66301}.Debug|Any CPU.Build.0 = Debug|Any CPU
		{7581A2F9-CD33-4833-A9E3-6CCA5FD66301}.Release|Any CPU.ActiveCfg = Release|Any CPU
		{7581A2F9-CD33-4833-A9E3-6CCA5FD66301}.Release|Any CPU.Build.0 = Release|Any CPU
		{2D20A077-831E-42B9-8ADB-6248AAF98674}.Debug|Any CPU.ActiveCfg = Debug|Any CPU
		{2D20A077-831E-42B9-8ADB-6248AAF98674}.Debug|Any CPU.Build.0 = Debug|Any CPU
		{2D20A077-831E-42B9-8ADB-6248AAF98674}.Release|Any CPU.ActiveCfg = Release|Any CPU
		{2D20A077-831E-42B9-8ADB-6248AAF98674}.Release|Any CPU.Build.0 = Release|Any CPU
		{A034269E-B568-4853-AE79-47F5B0F0D1FE}.Debug|Any CPU.ActiveCfg = Debug|Any CPU
		{A034269E-B568-4853-AE79-47F5B0F0D1FE}.Debug|Any CPU.Build.0 = Debug|Any CPU
		{A034269E-B568-4853-AE79-47F5B0F0D1FE}.Release|Any CPU.ActiveCfg = Release|Any CPU
		{A034269E-B568-4853-AE79-47F5B0F0D1FE}.Release|Any CPU.Build.0 = Release|Any CPU
	EndGlobalSection
	GlobalSection(SolutionProperties) = preSolution
		HideSolutionNode = FALSE
	EndGlobalSection
	GlobalSection(ExtensibilityGlobals) = postSolution
		SolutionGuid = {EBC9CD2F-592C-430C-B9DA-18C478C83336}
	EndGlobalSection
EndGlobal
